
Microsoft Visual Studio Solution File, Format Version 12.00
# Visual Studio Version 17
VisualStudioVersion = 17.4.33213.308
MinimumVisualStudioVersion = 10.0.40219.1
Project("{FAE04EC0-301F-11D3-BF4B-00C04F79EFBC}") = "Desafío1App", "Desafío1App\Desafío1App.csproj", "{940C8FAA-1C8B-4020-A96C-D850337ECB7E}"
EndProject
Global
	GlobalSection(SolutionConfigurationPlatforms) = preSolution
		Debug|Any CPU = Debug|Any CPU
		Release|Any CPU = Release|Any CPU
	EndGlobalSection
	GlobalSection(ProjectConfigurationPlatforms) = postSolution
		{940C8FAA-1C8B-4020-A96C-D850337ECB7E}.Debug|Any CPU.ActiveCfg = Debug|Any CPU
		{940C8FAA-1C8B-4020-A96C-D850337ECB7E}.Debug|Any CPU.Build.0 = Debug|Any CPU
		{940C8FAA-1C8B-4020-A96C-D850337ECB7E}.Release|Any CPU.ActiveCfg = Release|Any CPU
		{940C8FAA-1C8B-4020-A96C-D850337ECB7E}.Release|Any CPU.Build.0 = Release|Any CPU
	EndGlobalSection
	GlobalSection(SolutionProperties) = preSolution
		HideSolutionNode = FALSE
	EndGlobalSection
	GlobalSection(ExtensibilityGlobals) = postSolution
		SolutionGuid = {2338ED67-BA04-4708-AB95-135D7E8CC0BD}
	EndGlobalSection
EndGlobal
